// !$*UTF8*$!
{
	archiveVersion = 1;
	classes = {
	};
	objectVersion = 46;
	objects = {

/* Begin PBXBuildFile section */
		5226E4031B04A751005CB30D /* main.m in Sources */ = {isa = PBXBuildFile; fileRef = 5226E4021B04A751005CB30D /* main.m */; };
		5226E4061B04A751005CB30D /* AppDelegate.m in Sources */ = {isa = PBXBuildFile; fileRef = 5226E4051B04A751005CB30D /* AppDelegate.m */; };
		5226E40C1B04A751005CB30D /* Main.storyboard in Resources */ = {isa = PBXBuildFile; fileRef = 5226E40A1B04A751005CB30D /* Main.storyboard */; };
		5226E40E1B04A751005CB30D /* Images.xcassets in Resources */ = {isa = PBXBuildFile; fileRef = 5226E40D1B04A751005CB30D /* Images.xcassets */; };
		5226E4111B04A751005CB30D /* LaunchScreen.xib in Resources */ = {isa = PBXBuildFile; fileRef = 5226E40F1B04A751005CB30D /* LaunchScreen.xib */; };
		5226E41D1B04A751005CB30D /* AviaTicketsFinderTests.m in Sources */ = {isa = PBXBuildFile; fileRef = 5226E41C1B04A751005CB30D /* AviaTicketsFinderTests.m */; };
		5226E4321B04A89F005CB30D /* NTAirlineFares.m in Sources */ = {isa = PBXBuildFile; fileRef = 5226E4271B04A89F005CB30D /* NTAirlineFares.m */; };
		5226E4331B04A89F005CB30D /* NTAirlinesListViewController.m in Sources */ = {isa = PBXBuildFile; fileRef = 5226E4291B04A89F005CB30D /* NTAirlinesListViewController.m */; };
		5226E4341B04A89F005CB30D /* NTAirportFinderViewController.m in Sources */ = {isa = PBXBuildFile; fileRef = 5226E42B1B04A89F005CB30D /* NTAirportFinderViewController.m */; };
		5226E4351B04A89F005CB30D /* NTAirlineFaresViewController.m in Sources */ = {isa = PBXBuildFile; fileRef = 5226E42D1B04A89F005CB30D /* NTAirlineFaresViewController.m */; };
		5226E4361B04A89F005CB30D /* NTCity.m in Sources */ = {isa = PBXBuildFile; fileRef = 5226E42F1B04A89F005CB30D /* NTCity.m */; };
		5226E4371B04A89F005CB30D /* NTSearchTicketParametersViewController.m in Sources */ = {isa = PBXBuildFile; fileRef = 5226E4311B04A89F005CB30D /* NTSearchTicketParametersViewController.m */; };
/* End PBXBuildFile section */

/* Begin PBXContainerItemProxy section */
		5226E4171B04A751005CB30D /* PBXContainerItemProxy */ = {
			isa = PBXContainerItemProxy;
			containerPortal = 5226E3F51B04A751005CB30D /* Project object */;
			proxyType = 1;
			remoteGlobalIDString = 5226E3FC1B04A751005CB30D;
			remoteInfo = AviaTicketsFinder;
		};
/* End PBXContainerItemProxy section */

/* Begin PBXFileReference section */
		5226E3FD1B04A751005CB30D /* AviaTicketsFinder.app */ = {isa = PBXFileReference; explicitFileType = wrapper.application; includeInIndex = 0; path = AviaTicketsFinder.app; sourceTree = BUILT_PRODUCTS_DIR; };
		5226E4011B04A751005CB30D /* Info.plist */ = {isa = PBXFileReference; lastKnownFileType = text.plist.xml; path = Info.plist; sourceTree = "<group>"; };
		5226E4021B04A751005CB30D /* main.m */ = {isa = PBXFileReference; lastKnownFileType = sourcecode.c.objc; path = main.m; sourceTree = "<group>"; };
		5226E4041B04A751005CB30D /* AppDelegate.h */ = {isa = PBXFileReference; lastKnownFileType = sourcecode.c.h; path = AppDelegate.h; sourceTree = "<group>"; };
		5226E4051B04A751005CB30D /* AppDelegate.m */ = {isa = PBXFileReference; lastKnownFileType = sourcecode.c.objc; path = AppDelegate.m; sourceTree = "<group>"; };
		5226E40B1B04A751005CB30D /* Base */ = {isa = PBXFileReference; lastKnownFileType = file.storyboard; name = Base; path = Base.lproj/Main.storyboard; sourceTree = "<group>"; };
		5226E40D1B04A751005CB30D /* Images.xcassets */ = {isa = PBXFileReference; lastKnownFileType = folder.assetcatalog; path = Images.xcassets; sourceTree = "<group>"; };
		5226E4101B04A751005CB30D /* Base */ = {isa = PBXFileReference; lastKnownFileType = file.xib; name = Base; path = Base.lproj/LaunchScreen.xib; sourceTree = "<group>"; };
		5226E4161B04A751005CB30D /* AviaTicketsFinderTests.xctest */ = {isa = PBXFileReference; explicitFileType = wrapper.cfbundle; includeInIndex = 0; path = AviaTicketsFinderTests.xctest; sourceTree = BUILT_PRODUCTS_DIR; };
		5226E41B1B04A751005CB30D /* Info.plist */ = {isa = PBXFileReference; lastKnownFileType = text.plist.xml; path = Info.plist; sourceTree = "<group>"; };
		5226E41C1B04A751005CB30D /* AviaTicketsFinderTests.m */ = {isa = PBXFileReference; lastKnownFileType = sourcecode.c.objc; path = AviaTicketsFinderTests.m; sourceTree = "<group>"; };
		5226E4261B04A89F005CB30D /* NTAirlineFares.h */ = {isa = PBXFileReference; fileEncoding = 4; lastKnownFileType = sourcecode.c.h; path = NTAirlineFares.h; sourceTree = "<group>"; };
		5226E4271B04A89F005CB30D /* NTAirlineFares.m */ = {isa = PBXFileReference; fileEncoding = 4; lastKnownFileType = sourcecode.c.objc; path = NTAirlineFares.m; sourceTree = "<group>"; };
		5226E4281B04A89F005CB30D /* NTAirlinesListViewController.h */ = {isa = PBXFileReference; fileEncoding = 4; lastKnownFileType = sourcecode.c.h; path = NTAirlinesListViewController.h; sourceTree = "<group>"; };
		5226E4291B04A89F005CB30D /* NTAirlinesListViewController.m */ = {isa = PBXFileReference; fileEncoding = 4; lastKnownFileType = sourcecode.c.objc; path = NTAirlinesListViewController.m; sourceTree = "<group>"; };
		5226E42A1B04A89F005CB30D /* NTAirportFinderViewController.h */ = {isa = PBXFileReference; fileEncoding = 4; lastKnownFileType = sourcecode.c.h; path = NTAirportFinderViewController.h; sourceTree = "<group>"; };
		5226E42B1B04A89F005CB30D /* NTAirportFinderViewController.m */ = {isa = PBXFileReference; fileEncoding = 4; lastKnownFileType = sourcecode.c.objc; path = NTAirportFinderViewController.m; sourceTree = "<group>"; };
		5226E42C1B04A89F005CB30D /* NTAirlineFaresViewController.h */ = {isa = PBXFileReference; fileEncoding = 4; lastKnownFileType = sourcecode.c.h; path = NTAirlineFaresViewController.h; sourceTree = "<group>"; };
		5226E42D1B04A89F005CB30D /* NTAirlineFaresViewController.m */ = {isa = PBXFileReference; fileEncoding = 4; lastKnownFileType = sourcecode.c.objc; path = NTAirlineFaresViewController.m; sourceTree = "<group>"; };
		5226E42E1B04A89F005CB30D /* NTCity.h */ = {isa = PBXFileReference; fileEncoding = 4; lastKnownFileType = sourcecode.c.h; path = NTCity.h; sourceTree = "<group>"; };
		5226E42F1B04A89F005CB30D /* NTCity.m */ = {isa = PBXFileReference; fileEncoding = 4; lastKnownFileType = sourcecode.c.objc; path = NTCity.m; sourceTree = "<group>"; };
		5226E4301B04A89F005CB30D /* NTSearchTicketParametersViewController.h */ = {isa = PBXFileReference; fileEncoding = 4; lastKnownFileType = sourcecode.c.h; path = NTSearchTicketParametersViewController.h; sourceTree = "<group>"; };
		5226E4311B04A89F005CB30D /* NTSearchTicketParametersViewController.m */ = {isa = PBXFileReference; fileEncoding = 4; lastKnownFileType = sourcecode.c.objc; path = NTSearchTicketParametersViewController.m; sourceTree = "<group>"; };
/* End PBXFileReference section */

/* Begin PBXFrameworksBuildPhase section */
		5226E3FA1B04A751005CB30D /* Frameworks */ = {
			isa = PBXFrameworksBuildPhase;
			buildActionMask = 2147483647;
			files = (
			);
			runOnlyForDeploymentPostprocessing = 0;
		};
		5226E4131B04A751005CB30D /* Frameworks */ = {
			isa = PBXFrameworksBuildPhase;
			buildActionMask = 2147483647;
			files = (
			);
			runOnlyForDeploymentPostprocessing = 0;
		};
/* End PBXFrameworksBuildPhase section */

/* Begin PBXGroup section */
		5226E3F41B04A750005CB30D = {
			isa = PBXGroup;
			children = (
				5226E3FF1B04A751005CB30D /* AviaTicketsFinder */,
				5226E4191B04A751005CB30D /* AviaTicketsFinderTests */,
				5226E3FE1B04A751005CB30D /* Products */,
			);
			sourceTree = "<group>";
		};
		5226E3FE1B04A751005CB30D /* Products */ = {
			isa = PBXGroup;
			children = (
				5226E3FD1B04A751005CB30D /* AviaTicketsFinder.app */,
				5226E4161B04A751005CB30D /* AviaTicketsFinderTests.xctest */,
			);
			name = Products;
			sourceTree = "<group>";
		};
		5226E3FF1B04A751005CB30D /* AviaTicketsFinder */ = {
			isa = PBXGroup;
			children = (
				5226E42E1B04A89F005CB30D /* NTCity.h */,
				5226E42F1B04A89F005CB30D /* NTCity.m */,
				5226E4261B04A89F005CB30D /* NTAirlineFares.h */,
				5226E4271B04A89F005CB30D /* NTAirlineFares.m */,
				5226E4041B04A751005CB30D /* AppDelegate.h */,
				5226E4051B04A751005CB30D /* AppDelegate.m */,
				5226E4301B04A89F005CB30D /* NTSearchTicketParametersViewController.h */,
				5226E4311B04A89F005CB30D /* NTSearchTicketParametersViewController.m */,
				5226E42A1B04A89F005CB30D /* NTAirportFinderViewController.h */,
				5226E42B1B04A89F005CB30D /* NTAirportFinderViewController.m */,
				5226E4281B04A89F005CB30D /* NTAirlinesListViewController.h */,
				5226E4291B04A89F005CB30D /* NTAirlinesListViewController.m */,
				5226E42C1B04A89F005CB30D /* NTAirlineFaresViewController.h */,
				5226E42D1B04A89F005CB30D /* NTAirlineFaresViewController.m */,
				5226E40A1B04A751005CB30D /* Main.storyboard */,
				5226E40D1B04A751005CB30D /* Images.xcassets */,
				5226E40F1B04A751005CB30D /* LaunchScreen.xib */,
				5226E4001B04A751005CB30D /* Supporting Files */,
			);
			path = AviaTicketsFinder;
			sourceTree = "<group>";
		};
		5226E4001B04A751005CB30D /* Supporting Files */ = {
			isa = PBXGroup;
			children = (
				5226E4011B04A751005CB30D /* Info.plist */,
				5226E4021B04A751005CB30D /* main.m */,
			);
			name = "Supporting Files";
			sourceTree = "<group>";
		};
		5226E4191B04A751005CB30D /* AviaTicketsFinderTests */ = {
			isa = PBXGroup;
			children = (
				5226E41C1B04A751005CB30D /* AviaTicketsFinderTests.m */,
				5226E41A1B04A751005CB30D /* Supporting Files */,
			);
			path = AviaTicketsFinderTests;
			sourceTree = "<group>";
		};
		5226E41A1B04A751005CB30D /* Supporting Files */ = {
			isa = PBXGroup;
			children = (
				5226E41B1B04A751005CB30D /* Info.plist */,
			);
			name = "Supporting Files";
			sourceTree = "<group>";
		};
/* End PBXGroup section */

/* Begin PBXNativeTarget section */
		5226E3FC1B04A751005CB30D /* AviaTicketsFinder */ = {
			isa = PBXNativeTarget;
			buildConfigurationList = 5226E4201B04A751005CB30D /* Build configuration list for PBXNativeTarget "AviaTicketsFinder" */;
			buildPhases = (
				5226E3F91B04A751005CB30D /* Sources */,
				5226E3FA1B04A751005CB30D /* Frameworks */,
				5226E3FB1B04A751005CB30D /* Resources */,
			);
			buildRules = (
			);
			dependencies = (
			);
			name = AviaTicketsFinder;
			productName = AviaTicketsFinder;
			productReference = 5226E3FD1B04A751005CB30D /* AviaTicketsFinder.app */;
			productType = "com.apple.product-type.application";
		};
		5226E4151B04A751005CB30D /* AviaTicketsFinderTests */ = {
			isa = PBXNativeTarget;
			buildConfigurationList = 5226E4231B04A751005CB30D /* Build configuration list for PBXNativeTarget "AviaTicketsFinderTests" */;
			buildPhases = (
				5226E4121B04A751005CB30D /* Sources */,
				5226E4131B04A751005CB30D /* Frameworks */,
				5226E4141B04A751005CB30D /* Resources */,
			);
			buildRules = (
			);
			dependencies = (
				5226E4181B04A751005CB30D /* PBXTargetDependency */,
			);
			name = AviaTicketsFinderTests;
			productName = AviaTicketsFinderTests;
			productReference = 5226E4161B04A751005CB30D /* AviaTicketsFinderTests.xctest */;
			productType = "com.apple.product-type.bundle.unit-test";
		};
/* End PBXNativeTarget section */

/* Begin PBXProject section */
		5226E3F51B04A751005CB30D /* Project object */ = {
			isa = PBXProject;
			attributes = {
				LastUpgradeCheck = 0630;
				ORGANIZATIONNAME = fs_lab;
				TargetAttributes = {
					5226E3FC1B04A751005CB30D = {
						CreatedOnToolsVersion = 6.3.1;
					};
					5226E4151B04A751005CB30D = {
						CreatedOnToolsVersion = 6.3.1;
						TestTargetID = 5226E3FC1B04A751005CB30D;
					};
				};
			};
			buildConfigurationList = 5226E3F81B04A751005CB30D /* Build configuration list for PBXProject "AviaTicketsFinder" */;
			compatibilityVersion = "Xcode 3.2";
			developmentRegion = English;
			hasScannedForEncodings = 0;
			knownRegions = (
				en,
				Base,
			);
			mainGroup = 5226E3F41B04A750005CB30D;
			productRefGroup = 5226E3FE1B04A751005CB30D /* Products */;
			projectDirPath = "";
			projectRoot = "";
			targets = (
				5226E3FC1B04A751005CB30D /* AviaTicketsFinder */,
				5226E4151B04A751005CB30D /* AviaTicketsFinderTests */,
			);
		};
/* End PBXProject section */

/* Begin PBXResourcesBuildPhase section */
		5226E3FB1B04A751005CB30D /* Resources */ = {
			isa = PBXResourcesBuildPhase;
			buildActionMask = 2147483647;
			files = (
				5226E40C1B04A751005CB30D /* Main.storyboard in Resources */,
				5226E4111B04A751005CB30D /* LaunchScreen.xib in Resources */,
				5226E40E1B04A751005CB30D /* Images.xcassets in Resources */,
			);
			runOnlyForDeploymentPostprocessing = 0;
		};
		5226E4141B04A751005CB30D /* Resources */ = {
			isa = PBXResourcesBuildPhase;
			buildActionMask = 2147483647;
			files = (
			);
			runOnlyForDeploymentPostprocessing = 0;
		};
/* End PBXResourcesBuildPhase section */

/* Begin PBXSourcesBuildPhase section */
		5226E3F91B04A751005CB30D /* Sources */ = {
			isa = PBXSourcesBuildPhase;
			buildActionMask = 2147483647;
			files = (
				5226E4351B04A89F005CB30D /* NTAirlineFaresViewController.m in Sources */,
				5226E4331B04A89F005CB30D /* NTAirlinesListViewController.m in Sources */,
				5226E4061B04A751005CB30D /* AppDelegate.m in Sources */,
				5226E4371B04A89F005CB30D /* NTSearchTicketParametersViewController.m in Sources */,
				5226E4321B04A89F005CB30D /* NTAirlineFares.m in Sources */,
				5226E4341B04A89F005CB30D /* NTAirportFinderViewController.m in Sources */,
				5226E4361B04A89F005CB30D /* NTCity.m in Sources */,
				5226E4031B04A751005CB30D /* main.m in Sources */,
			);
			runOnlyForDeploymentPostprocessing = 0;
		};
		5226E4121B04A751005CB30D /* Sources */ = {
			isa = PBXSourcesBuildPhase;
			buildActionMask = 2147483647;
			files = (
				5226E41D1B04A751005CB30D /* AviaTicketsFinderTests.m in Sources */,
			);
			runOnlyForDeploymentPostprocessing = 0;
		};
/* End PBXSourcesBuildPhase section */

/* Begin PBXTargetDependency section */
		5226E4181B04A751005CB30D /* PBXTargetDependency */ = {
			isa = PBXTargetDependency;
			target = 5226E3FC1B04A751005CB30D /* AviaTicketsFinder */;
			targetProxy = 5226E4171B04A751005CB30D /* PBXContainerItemProxy */;
		};
/* End PBXTargetDependency section */

/* Begin PBXVariantGroup section */
		5226E40A1B04A751005CB30D /* Main.storyboard */ = {
			isa = PBXVariantGroup;
			children = (
				5226E40B1B04A751005CB30D /* Base */,
			);
			name = Main.storyboard;
			sourceTree = "<group>";
		};
		5226E40F1B04A751005CB30D /* LaunchScreen.xib */ = {
			isa = PBXVariantGroup;
			children = (
				5226E4101B04A751005CB30D /* Base */,
			);
			name = LaunchScreen.xib;
			sourceTree = "<group>";
		};
/* End PBXVariantGroup section */

/* Begin XCBuildConfiguration section */
		5226E41E1B04A751005CB30D /* Debug */ = {
			isa = XCBuildConfiguration;
			buildSettings = {
				ALWAYS_SEARCH_USER_PATHS = NO;
				CLANG_CXX_LANGUAGE_STANDARD = "gnu++0x";
				CLANG_CXX_LIBRARY = "libc++";
				CLANG_ENABLE_MODULES = YES;
				CLANG_ENABLE_OBJC_ARC = YES;
				CLANG_WARN_BOOL_CONVERSION = YES;
				CLANG_WARN_CONSTANT_CONVERSION = YES;
				CLANG_WARN_DIRECT_OBJC_ISA_USAGE = YES_ERROR;
				CLANG_WARN_EMPTY_BODY = YES;
				CLANG_WARN_ENUM_CONVERSION = YES;
				CLANG_WARN_INT_CONVERSION = YES;
				CLANG_WARN_OBJC_ROOT_CLASS = YES_ERROR;
				CLANG_WARN_UNREACHABLE_CODE = YES;
				CLANG_WARN__DUPLICATE_METHOD_MATCH = YES;
				"CODE_SIGN_IDENTITY[sdk=iphoneos*]" = "iPhone Developer";
				COPY_PHASE_STRIP = NO;
				DEBUG_INFORMATION_FORMAT = "dwarf-with-dsym";
				ENABLE_STRICT_OBJC_MSGSEND = YES;
				GCC_C_LANGUAGE_STANDARD = gnu99;
				GCC_DYNAMIC_NO_PIC = NO;
				GCC_NO_COMMON_BLOCKS = YES;
				GCC_OPTIMIZATION_LEVEL = 0;
				GCC_PREPROCESSOR_DEFINITIONS = (
					"DEBUG=1",
					"$(inherited)",
				);
				GCC_SYMBOLS_PRIVATE_EXTERN = NO;
				GCC_WARN_64_TO_32_BIT_CONVERSION = YES;
				GCC_WARN_ABOUT_RETURN_TYPE = YES_ERROR;
				GCC_WARN_UNDECLARED_SELECTOR = YES;
				GCC_WARN_UNINITIALIZED_AUTOS = YES_AGGRESSIVE;
				GCC_WARN_UNUSED_FUNCTION = YES;
				GCC_WARN_UNUSED_VARIABLE = YES;
				IPHONEOS_DEPLOYMENT_TARGET = 8.3;
				MTL_ENABLE_DEBUG_INFO = YES;
				ONLY_ACTIVE_ARCH = YES;
				SDKROOT = iphoneos;
			};
			name = Debug;
		};
		5226E41F1B04A751005CB30D /* Release */ = {
			isa = XCBuildConfiguration;
			buildSettings = {
				ALWAYS_SEARCH_USER_PATHS = NO;
				CLANG_CXX_LANGUAGE_STANDARD = "gnu++0x";
				CLANG_CXX_LIBRARY = "libc++";
				CLANG_ENABLE_MODULES = YES;
				CLANG_ENABLE_OBJC_ARC = YES;
				CLANG_WARN_BOOL_CONVERSION = YES;
				CLANG_WARN_CONSTANT_CONVERSION = YES;
				CLANG_WARN_DIRECT_OBJC_ISA_USAGE = YES_ERROR;
				CLANG_WARN_EMPTY_BODY = YES;
				CLANG_WARN_ENUM_CONVERSION = YES;
				CLANG_WARN_INT_CONVERSION = YES;
				CLANG_WARN_OBJC_ROOT_CLASS = YES_ERROR;
				CLANG_WARN_UNREACHABLE_CODE = YES;
				CLANG_WARN__DUPLICATE_METHOD_MATCH = YES;
				"CODE_SIGN_IDENTITY[sdk=iphoneos*]" = "iPhone Developer";
				COPY_PHASE_STRIP = NO;
				DEBUG_INFORMATION_FORMAT = "dwarf-with-dsym";
				ENABLE_NS_ASSERTIONS = NO;
				ENABLE_STRICT_OBJC_MSGSEND = YES;
				GCC_C_LANGUAGE_STANDARD = gnu99;
				GCC_NO_COMMON_BLOCKS = YES;
				GCC_WARN_64_TO_32_BIT_CONVERSION = YES;
				GCC_WARN_ABOUT_RETURN_TYPE = YES_ERROR;
				GCC_WARN_UNDECLARED_SELECTOR = YES;
				GCC_WARN_UNINITIALIZED_AUTOS = YES_AGGRESSIVE;
				GCC_WARN_UNUSED_FUNCTION = YES;
				GCC_WARN_UNUSED_VARIABLE = YES;
				IPHONEOS_DEPLOYMENT_TARGET = 8.3;
				MTL_ENABLE_DEBUG_INFO = NO;
				SDKROOT = iphoneos;
				VALIDATE_PRODUCT = YES;
			};
			name = Release;
		};
		5226E4211B04A751005CB30D /* Debug */ = {
			isa = XCBuildConfiguration;
			buildSettings = {
				ASSETCATALOG_COMPILER_APPICON_NAME = AppIcon;
				INFOPLIST_FILE = AviaTicketsFinder/Info.plist;
				IPHONEOS_DEPLOYMENT_TARGET = 8.0;
				LD_RUNPATH_SEARCH_PATHS = "$(inherited) @executable_path/Frameworks";
				PRODUCT_NAME = "$(TARGET_NAME)";
			};
			name = Debug;
		};
		5226E4221B04A751005CB30D /* Release */ = {
			isa = XCBuildConfiguration;
			buildSettings = {
				ASSETCATALOG_COMPILER_APPICON_NAME = AppIcon;
				INFOPLIST_FILE = AviaTicketsFinder/Info.plist;
				IPHONEOS_DEPLOYMENT_TARGET = 8.0;
				LD_RUNPATH_SEARCH_PATHS = "$(inherited) @executable_path/Frameworks";
				PRODUCT_NAME = "$(TARGET_NAME)";
			};
			name = Release;
		};
		5226E4241B04A751005CB30D /* Debug */ = {
			isa = XCBuildConfiguration;
			buildSettings = {
				BUNDLE_LOADER = "$(TEST_HOST)";
				FRAMEWORK_SEARCH_PATHS = (
					"$(SDKROOT)/Developer/Library/Frameworks",
					"$(inherited)",
				);
				GCC_PREPROCESSOR_DEFINITIONS = (
					"DEBUG=1",
					"$(inherited)",
				);
				INFOPLIST_FILE = AviaTicketsFinderTests/Info.plist;
				LD_RUNPATH_SEARCH_PATHS = "$(inherited) @executable_path/Frameworks @loader_path/Frameworks";
				PRODUCT_NAME = "$(TARGET_NAME)";
				TEST_HOST = "$(BUILT_PRODUCTS_DIR)/AviaTicketsFinder.app/AviaTicketsFinder";
			};
			name = Debug;
		};
		5226E4251B04A751005CB30D /* Release */ = {
			isa = XCBuildConfiguration;
			buildSettings = {
				BUNDLE_LOADER = "$(TEST_HOST)";
				FRAMEWORK_SEARCH_PATHS = (
					"$(SDKROOT)/Developer/Library/Frameworks",
					"$(inherited)",
				);
				INFOPLIST_FILE = AviaTicketsFinderTests/Info.plist;
				LD_RUNPATH_SEARCH_PATHS = "$(inherited) @executable_path/Frameworks @loader_path/Frameworks";
				PRODUCT_NAME = "$(TARGET_NAME)";
				TEST_HOST = "$(BUILT_PRODUCTS_DIR)/AviaTicketsFinder.app/AviaTicketsFinder";
			};
			name = Release;
		};
/* End XCBuildConfiguration section */

/* Begin XCConfigurationList section */
		5226E3F81B04A751005CB30D /* Build configuration list for PBXProject "AviaTicketsFinder" */ = {
			isa = XCConfigurationList;
			buildConfigurations = (
				5226E41E1B04A751005CB30D /* Debug */,
				5226E41F1B04A751005CB30D /* Release */,
			);
			defaultConfigurationIsVisible = 0;
			defaultConfigurationName = Release;
		};
		5226E4201B04A751005CB30D /* Build configuration list for PBXNativeTarget "AviaTicketsFinder" */ = {
			isa = XCConfigurationList;
			buildConfigurations = (
				5226E4211B04A751005CB30D /* Debug */,
				5226E4221B04A751005CB30D /* Release */,
			);
			defaultConfigurationIsVisible = 0;
			defaultConfigurationName = Release;
		};
		5226E4231B04A751005CB30D /* Build configuration list for PBXNativeTarget "AviaTicketsFinderTests" */ = {
			isa = XCConfigurationList;
			buildConfigurations = (
				5226E4241B04A751005CB30D /* Debug */,
				5226E4251B04A751005CB30D /* Release */,
			);
			defaultConfigurationIsVisible = 0;
			defaultConfigurationName = Release;
		};
/* End XCConfigurationList section */
	};
	rootObject = 5226E3F51B04A751005CB30D /* Project object */;
}
